<Solution>
  <Configurations>
    <BuildType Name="Debug" />
    <BuildType Name="Release" />
    <BuildType Name="TortoisePot-Debug" />
    <BuildType Name="TortoisePot-Release" />
    <Platform Name="ARM64" />
    <Platform Name="x64" />
  </Configurations>
  <Folder Name="/Exe/">
    <Project Path="src/GitWCRev/GitWCRev.vcxproj" Id="1f29dbdd-7dff-4178-98f0-9137636788bc">
      <BuildType Solution="TortoisePot-Debug|*" Project="Debug" />
      <BuildType Solution="TortoisePot-Release|*" Project="Release" />
      <Build Solution="TortoisePot-Debug|*" Project="false" />
      <Build Solution="TortoisePot-Release|*" Project="false" />
    </Project>
    <Project Path="src/SshAskPass/SshAskPass.vcxproj" Id="e8c01071-3b47-4a3f-9168-aa58a4635638">
      <BuildType Solution="TortoisePot-Debug|*" Project="Debug" />
      <BuildType Solution="TortoisePot-Release|*" Project="Release" />
      <Build Solution="TortoisePot-Debug|*" Project="false" />
      <Build Solution="TortoisePot-Release|*" Project="false" />
    </Project>
    <Project Path="src/TGitCache/TGitCache.vcxproj" Id="a00d2edc-b4f5-4b41-94ba-13961de5d296">
      <BuildType Solution="TortoisePot-Debug|*" Project="Debug" />
      <BuildType Solution="TortoisePot-Release|*" Project="Release" />
      <Build Solution="TortoisePot-Debug|*" Project="false" />
      <Build Solution="TortoisePot-Release|*" Project="false" />
    </Project>
    <Project Path="src/TortoiseGitBlame/TortoiseGitBlame.vcxproj" Id="62507c2f-9290-4342-910f-bfc44df99b01">
      <BuildType Solution="TortoisePot-Debug|*" Project="Debug" />
      <BuildType Solution="TortoisePot-Release|*" Project="Release" />
      <Build Solution="TortoisePot-Debug|*" Project="false" />
      <Build Solution="TortoisePot-Release|*" Project="false" />
    </Project>
    <Project Path="src/TortoiseProc/TortoiseProc.vcxproj" Id="50797f06-39c5-4802-8e2b-7b7a4ef03214">
      <BuildType Solution="TortoisePot-Debug|*" Project="Debug" />
      <BuildType Solution="TortoisePot-Release|*" Project="Release" />
      <Build Solution="TortoisePot-Debug|*" Project="false" />
      <Build Solution="TortoisePot-Release|*" Project="false" />
    </Project>
    <Project Path="src/TortoiseShell/TortoiseShell.vcxproj" Id="e873dd32-5a31-4de1-8341-a56a2a5489ea">
      <BuildType Solution="TortoisePot-Debug|*" Project="Debug" />
      <BuildType Solution="TortoisePot-Release|*" Project="Release" />
      <Build Solution="TortoisePot-Debug|*" Project="false" />
      <Build Solution="TortoisePot-Release|*" Project="false" />
    </Project>
    <Project Path="src/TortoiseUDiff/TortoiseUDiff.vcxproj" Id="bc5a5f3b-e41a-4c56-b16f-263d2c6d6475">
      <BuildType Solution="TortoisePot-Debug|*" Project="Debug" />
      <BuildType Solution="TortoisePot-Release|*" Project="Release" />
      <Build Solution="TortoisePot-Debug|*" Project="false" />
      <Build Solution="TortoisePot-Release|*" Project="false" />
    </Project>
  </Folder>
  <Folder Name="/Libs/">
    <Project Path="ext/gitdll/gitdll.vcxproj" Id="4f0a55de-dafd-4a0b-a03d-2c14cb77e08f">
      <BuildType Solution="TortoisePot-Debug|*" Project="Debug" />
      <BuildType Solution="TortoisePot-Release|*" Project="Release" />
      <Build Solution="TortoisePot-Debug|*" Project="false" />
      <Build Solution="TortoisePot-Release|*" Project="false" />
    </Project>
    <Project Path="src/AsyncFramework/AsyncFramework.vcxproj" Id="98e4e6d3-0ef6-4570-a29e-274dacf3b784">
      <BuildType Solution="TortoisePot-Debug|*" Project="Debug" />
      <BuildType Solution="TortoisePot-Release|*" Project="Release" />
      <Build Solution="TortoisePot-Debug|*" Project="false" />
      <Build Solution="TortoisePot-Release|*" Project="false" />
    </Project>
    <Project Path="src/IBugTraqProvider/IBugTraqProvider.vcxproj" Id="2c879469-db8f-4bf0-b016-ae864d2a7bbc">
      <BuildType Solution="TortoisePot-Debug|*" Project="Debug" />
      <BuildType Solution="TortoisePot-Release|*" Project="Release" />
      <Build Solution="TortoisePot-Debug|*" Project="false" />
      <Build Solution="TortoisePot-Release|*" Project="false" />
    </Project>
    <Project Path="src/libgit2/TGitLibgit2.vcxproj" Id="2f29bedb-4b28-4f53-9d1c-3be0766e738e">
      <BuildType Solution="TortoisePot-Debug|*" Project="Debug" />
      <BuildType Solution="TortoisePot-Release|*" Project="Release" />
      <Build Solution="TortoisePot-Debug|*" Project="false" />
      <Build Solution="TortoisePot-Release|*" Project="false" />
    </Project>
    <Project Path="src/ResizableLib/ResizableLib.vcxproj" Id="4be529fb-c2f2-49f7-a897-054b955564cf">
      <BuildType Solution="TortoisePot-Debug|*" Project="Debug" />
      <BuildType Solution="TortoisePot-Release|*" Project="Release" />
      <Build Solution="TortoisePot-Debug|*" Project="false" />
      <Build Solution="TortoisePot-Release|*" Project="false" />
    </Project>
    <Project Path="src/TortoiseStub/TortoiseStub.vcxproj" Id="db98402b-2cf6-4ec6-89f9-d19365ee8de3">
      <BuildType Solution="TortoisePot-Debug|*" Project="Debug" />
      <BuildType Solution="TortoisePot-Release|*" Project="Release" />
      <Build Solution="TortoisePot-Debug|*" Project="false" />
      <Build Solution="TortoisePot-Release|*" Project="false" />
    </Project>
  </Folder>
  <Folder Name="/Solution Items/">
    <File Path=".clang-format" />
    <File Path=".clangd" />
    <File Path=".editorconfig" />
    <File Path="contrib/NatVis/TortoiseGit.natvis" />
    <File Path="CppProperties.json" />
    <File Path="src/.clang-format" />
    <File Path="src/.editorconfig" />
    <File Path="src/identity.manifest" />
    <File Path="src/perMonitorV2DpiAware.manifest" />
    <File Path="src/TortoiseGit.common.props" />
    <File Path="vcpkg-configuration.json" />
    <File Path="vcpkg.json" />
  </Folder>
  <Folder Name="/Test/">
    <Project Path="src/GitWCRevCOM/GitWCRevCOM.vcxproj" Id="e6d5cce5-a4a9-43d3-88d2-6637365bf319">
      <BuildType Solution="TortoisePot-Debug|*" Project="Debug" />
      <BuildType Solution="TortoisePot-Release|*" Project="Release" />
      <Build Solution="TortoisePot-Debug|*" Project="false" />
      <Build Solution="TortoisePot-Release|*" Project="false" />
    </Project>
    <Project Path="test/Cache/Cache.vcxproj" Id="948733de-fc5a-46c2-8cd6-429017508d63">
      <BuildType Solution="TortoisePot-Debug|*" Project="Debug" />
      <BuildType Solution="TortoisePot-Release|*" Project="Release" />
      <Build Solution="Release|*" Project="false" />
      <Build Solution="TortoisePot-Debug|*" Project="false" />
      <Build Solution="TortoisePot-Release|*" Project="false" />
    </Project>
    <Project Path="test/ShellBench/ShellBench.vcxproj" Id="7c2e51a4-95d6-4b0e-9a3f-0c6e8f41d2b7">
      <BuildType Solution="TortoisePot-Debug|*" Project="Debug" />
      <BuildType Solution="TortoisePot-Release|*" Project="Release" />
      <Build Solution="TortoisePot-Debug|*" Project="false" />
      <Build Solution="TortoisePot-Release|*" Project="false" />
    </Project>
    <Project Path="test/UnitTests/UnitTests.vcxproj" Id="20988578-4a14-441c-886f-61f2b9307d44">
      <BuildType Solution="TortoisePot-Debug|*" Project="Debug" />
      <BuildType Solution="TortoisePot-Release|*" Project="Release" />
      <Build Solution="TortoisePot-Debug|*" Project="false" />
      <Build Solution="TortoisePot-Release|*" Project="false" />
    </Project>
  </Folder>
</Solution>
