<?xml version="1.0" encoding="utf-8"?>
<Project ToolsVersion="4.0" xmlns="http://schemas.microsoft.com/developer/msbuild/2003">
  <ItemGroup>
    <ClCompile Include="die.cpp" />
    <ClCompile Include="gitdll.c" />
  </ItemGroup>
  <ItemGroup>
    <ClInclude Include="gitdll.h" />
    <ClInclude Include="resource.h" />
  </ItemGroup>
  <ItemGroup>
    <None Include=".clang-format" />
  </ItemGroup>
  <ItemGroup>
    <ResourceCompile Include="gitdll.rc" />
  </ItemGroup>
</Project>